
Microsoft Visual Studio Solution File, Format Version 12.00
# Visual Studio 15
VisualStudioVersion = 15.0.27703.2000
MinimumVisualStudioVersion = 10.0.40219.1
Project("{FAE04EC0-301F-11D3-BF4B-00C04F79EFBC}") = "LouiePlay", "LouiePlay.csproj", "{C2D79AFA-CD10-F051-C720-5EF74CC92F8B}"
EndProject
Global
	GlobalSection(SolutionConfigurationPlatforms) = preSolution
		Debug|Any CPU = Debug|Any CPU
		Release|Any CPU = Release|Any CPU
	EndGlobalSection
	GlobalSection(ProjectConfigurationPlatforms) = postSolution
		{C2D79AFA-CD10-F051-C720-5EF74CC92F8B}.Debug|Any CPU.ActiveCfg = Debug|Any CPU
		{C2D79AFA-CD10-F051-C720-5EF74CC92F8B}.Debug|Any CPU.Build.0 = Debug|Any CPU
		{C2D79AFA-CD10-F051-C720-5EF74CC92F8B}.Release|Any CPU.ActiveCfg = Release|Any CPU
		{C2D79AFA-CD10-F051-C720-5EF74CC92F8B}.Release|Any CPU.Build.0 = Release|Any CPU
	EndGlobalSection
	GlobalSection(SolutionProperties) = preSolution
		HideSolutionNode = FALSE
	EndGlobalSection
	GlobalSection(ExtensibilityGlobals) = postSolution
		SolutionGuid = {66DA9C7D-D38B-4DB7-B4A9-1471AA7FAB1C}
	EndGlobalSection
EndGlobal
